
Microsoft Visual Studio Solution File, Format Version 12.00
# Visual Studio Version 16
VisualStudioVersion = 16.0.32630.194
MinimumVisualStudioVersion = 10.0.40219.1
Project("{8BC9CEB8-8B4A-11D0-8D11-00A0C91BC942}") = "PlaneSystem", "PlaneSystem.vcxproj", "{43B3EF84-3549-4DF2-925A-5BF5479AC30D}"
EndProject
Global
	GlobalSection(SolutionConfigurationPlatforms) = preSolution
		Debug|x64 = Debug|x64
		Debug|x86 = Debug|x86
		Release|x64 = Release|x64
		Release|x86 = Release|x86
	EndGlobalSection
	GlobalSection(ProjectConfigurationPlatforms) = postSolution
		{43B3EF84-3549-4DF2-925A-5BF5479AC30D}.Debug|x64.ActiveCfg = Debug|x64
		{43B3EF84-3549-4DF2-925A-5BF5479AC30D}.Debug|x64.Build.0 = Debug|x64
		{43B3EF84-3549-4DF2-925A-5BF5479AC30D}.Debug|x86.ActiveCfg = Debug|Win32
		{43B3EF84-3549-4DF2-925A-5BF5479AC30D}.Debug|x86.Build.0 = Debug|Win32
		{43B3EF84-3549-4DF2-925A-5BF5479AC30D}.Release|x64.ActiveCfg = Release|x64
		{43B3EF84-3549-4DF2-925A-5BF5479AC30D}.Release|x64.Build.0 = Release|x64
		{43B3EF84-3549-4DF2-925A-5BF5479AC30D}.Release|x86.ActiveCfg = Release|Win32
		{43B3EF84-3549-4DF2-925A-5BF5479AC30D}.Release|x86.Build.0 = Release|Win32
	EndGlobalSection
	GlobalSection(SolutionProperties) = preSolution
		HideSolutionNode = FALSE
	EndGlobalSection
	GlobalSection(ExtensibilityGlobals) = postSolution
		SolutionGuid = {6996D788-669B-4761-8147-79D6D9D7CDAC}
	EndGlobalSection
EndGlobal
